// !$*UTF8*$!
{
	archiveVersion = 1;
	classes = {
	};
	objectVersion = 46;
	objects = {

/* Begin PBXBuildFile section */
		EB0CD1BB16320B36008D83C1 /* api.c in Sources */ = {isa = PBXBuildFile; fileRef = EB0CD1B016320B36008D83C1 /* api.c */; };
		EB0CD1BC16320B36008D83C1 /* dumper.c in Sources */ = {isa = PBXBuildFile; fileRef = EB0CD1B116320B36008D83C1 /* dumper.c */; };
		EB0CD1BD16320B36008D83C1 /* emitter.c in Sources */ = {isa = PBXBuildFile; fileRef = EB0CD1B216320B36008D83C1 /* emitter.c */; };
		EB0CD1BE16320B36008D83C1 /* loader.c in Sources */ = {isa = PBXBuildFile; fileRef = EB0CD1B316320B36008D83C1 /* loader.c */; };
		EB0CD1BF16320B36008D83C1 /* parser.c in Sources */ = {isa = PBXBuildFile; fileRef = EB0CD1B616320B36008D83C1 /* parser.c */; };
		EB0CD1C016320B36008D83C1 /* reader.c in Sources */ = {isa = PBXBuildFile; fileRef = EB0CD1B716320B36008D83C1 /* reader.c */; };
		EB0CD1C116320B36008D83C1 /* scanner.c in Sources */ = {isa = PBXBuildFile; fileRef = EB0CD1B816320B36008D83C1 /* scanner.c */; };
		EB0CD1C216320B36008D83C1 /* writer.c in Sources */ = {isa = PBXBuildFile; fileRef = EB0CD1B916320B36008D83C1 /* writer.c */; };
		EB0CD1C316320B36008D83C1 /* yaml_private.h in Headers */ = {isa = PBXBuildFile; fileRef = EB0CD1BA16320B36008D83C1 /* yaml_private.h */; };
		EB0E6F6F1656E2D400FCCD30 /* Foundation.framework in Frameworks */ = {isa = PBXBuildFile; fileRef = EB0E6F6E1656E2D400FCCD30 /* Foundation.framework */; };
		EBA3ED5B17CC034D00E7E501 /* api.c in Sources */ = {isa = PBXBuildFile; fileRef = EB0CD1B016320B36008D83C1 /* api.c */; };
		EBA3ED5C17CC034D00E7E501 /* dumper.c in Sources */ = {isa = PBXBuildFile; fileRef = EB0CD1B116320B36008D83C1 /* dumper.c */; };
		EBA3ED5D17CC034D00E7E501 /* emitter.c in Sources */ = {isa = PBXBuildFile; fileRef = EB0CD1B216320B36008D83C1 /* emitter.c */; };
		EBA3ED5E17CC034D00E7E501 /* loader.c in Sources */ = {isa = PBXBuildFile; fileRef = EB0CD1B316320B36008D83C1 /* loader.c */; };
		EBA3ED5F17CC034D00E7E501 /* parser.c in Sources */ = {isa = PBXBuildFile; fileRef = EB0CD1B616320B36008D83C1 /* parser.c */; };
		EBA3ED6017CC034D00E7E501 /* reader.c in Sources */ = {isa = PBXBuildFile; fileRef = EB0CD1B716320B36008D83C1 /* reader.c */; };
		EBA3ED6117CC034D00E7E501 /* scanner.c in Sources */ = {isa = PBXBuildFile; fileRef = EB0CD1B816320B36008D83C1 /* scanner.c */; };
		EBA3ED6217CC034D00E7E501 /* writer.c in Sources */ = {isa = PBXBuildFile; fileRef = EB0CD1B916320B36008D83C1 /* writer.c */; };
/* End PBXBuildFile section */

/* Begin PBXCopyFilesBuildPhase section */
		EB0E6F6A1656E2D400FCCD30 /* CopyFiles */ = {
			isa = PBXCopyFilesBuildPhase;
			buildActionMask = 2147483647;
			dstPath = "include/${PRODUCT_NAME}";
			dstSubfolderSpec = 16;
			files = (
			);
			runOnlyForDeploymentPostprocessing = 0;
		};
/* End PBXCopyFilesBuildPhase section */

/* Begin PBXFileReference section */
		EB0CD1B016320B36008D83C1 /* api.c */ = {isa = PBXFileReference; fileEncoding = 4; lastKnownFileType = sourcecode.c.c; path = api.c; sourceTree = "<group>"; };
		EB0CD1B116320B36008D83C1 /* dumper.c */ = {isa = PBXFileReference; fileEncoding = 4; lastKnownFileType = sourcecode.c.c; path = dumper.c; sourceTree = "<group>"; };
		EB0CD1B216320B36008D83C1 /* emitter.c */ = {isa = PBXFileReference; fileEncoding = 4; lastKnownFileType = sourcecode.c.c; path = emitter.c; sourceTree = "<group>"; };
		EB0CD1B316320B36008D83C1 /* loader.c */ = {isa = PBXFileReference; fileEncoding = 4; lastKnownFileType = sourcecode.c.c; path = loader.c; sourceTree = "<group>"; };
		EB0CD1B416320B36008D83C1 /* Makefile.am */ = {isa = PBXFileReference; fileEncoding = 4; lastKnownFileType = text; path = Makefile.am; sourceTree = "<group>"; };
		EB0CD1B516320B36008D83C1 /* Makefile.in */ = {isa = PBXFileReference; fileEncoding = 4; lastKnownFileType = text; path = Makefile.in; sourceTree = "<group>"; };
		EB0CD1B616320B36008D83C1 /* parser.c */ = {isa = PBXFileReference; fileEncoding = 4; lastKnownFileType = sourcecode.c.c; path = parser.c; sourceTree = "<group>"; };
		EB0CD1B716320B36008D83C1 /* reader.c */ = {isa = PBXFileReference; fileEncoding = 4; lastKnownFileType = sourcecode.c.c; path = reader.c; sourceTree = "<group>"; };
		EB0CD1B816320B36008D83C1 /* scanner.c */ = {isa = PBXFileReference; fileEncoding = 4; lastKnownFileType = sourcecode.c.c; path = scanner.c; sourceTree = "<group>"; };
		EB0CD1B916320B36008D83C1 /* writer.c */ = {isa = PBXFileReference; fileEncoding = 4; lastKnownFileType = sourcecode.c.c; path = writer.c; sourceTree = "<group>"; };
		EB0CD1BA16320B36008D83C1 /* yaml_private.h */ = {isa = PBXFileReference; fileEncoding = 4; lastKnownFileType = sourcecode.c.h; path = yaml_private.h; sourceTree = "<group>"; };
		EB0E6F6E1656E2D400FCCD30 /* Foundation.framework */ = {isa = PBXFileReference; lastKnownFileType = wrapper.framework; name = Foundation.framework; path = System/Library/Frameworks/Foundation.framework; sourceTree = SDKROOT; };
		EBA3ED5817CC032E00E7E501 /* libyaml.a */ = {isa = PBXFileReference; explicitFileType = archive.ar; includeInIndex = 0; path = libyaml.a; sourceTree = BUILT_PRODUCTS_DIR; };
		EBA3ED5917CC032E00E7E501 /* libyaml.a */ = {isa = PBXFileReference; explicitFileType = archive.ar; includeInIndex = 0; path = libyaml.a; sourceTree = BUILT_PRODUCTS_DIR; };
/* End PBXFileReference section */

/* Begin PBXFrameworksBuildPhase section */
		EB0CD1A516320A7C008D83C1 /* Frameworks */ = {
			isa = PBXFrameworksBuildPhase;
			buildActionMask = 2147483647;
			files = (
			);
			runOnlyForDeploymentPostprocessing = 0;
		};
		EB0E6F691656E2D400FCCD30 /* Frameworks */ = {
			isa = PBXFrameworksBuildPhase;
			buildActionMask = 2147483647;
			files = (
				EB0E6F6F1656E2D400FCCD30 /* Foundation.framework in Frameworks */,
			);
			runOnlyForDeploymentPostprocessing = 0;
		};
/* End PBXFrameworksBuildPhase section */

/* Begin PBXGroup section */
		EB0CD19D16320A7C008D83C1 = {
			isa = PBXGroup;
			children = (
				EB0CD1AF16320B36008D83C1 /* src */,
				EB0E6F6D1656E2D400FCCD30 /* Frameworks */,
				EBA3ED5817CC032E00E7E501 /* libyaml.a */,
				EBA3ED5917CC032E00E7E501 /* libyaml.a */,
			);
			sourceTree = "<group>";
		};
		EB0CD1AF16320B36008D83C1 /* src */ = {
			isa = PBXGroup;
			children = (
				EB0CD1B016320B36008D83C1 /* api.c */,
				EB0CD1B116320B36008D83C1 /* dumper.c */,
				EB0CD1B216320B36008D83C1 /* emitter.c */,
				EB0CD1B316320B36008D83C1 /* loader.c */,
				EB0CD1B416320B36008D83C1 /* Makefile.am */,
				EB0CD1B516320B36008D83C1 /* Makefile.in */,
				EB0CD1B616320B36008D83C1 /* parser.c */,
				EB0CD1B716320B36008D83C1 /* reader.c */,
				EB0CD1B816320B36008D83C1 /* scanner.c */,
				EB0CD1B916320B36008D83C1 /* writer.c */,
				EB0CD1BA16320B36008D83C1 /* yaml_private.h */,
			);
			name = src;
			path = ../src;
			sourceTree = "<group>";
		};
		EB0E6F6D1656E2D400FCCD30 /* Frameworks */ = {
			isa = PBXGroup;
			children = (
				EB0E6F6E1656E2D400FCCD30 /* Foundation.framework */,
			);
			name = Frameworks;
			sourceTree = "<group>";
		};
/* End PBXGroup section */

/* Begin PBXHeadersBuildPhase section */
		EB0CD1A616320A7C008D83C1 /* Headers */ = {
			isa = PBXHeadersBuildPhase;
			buildActionMask = 2147483647;
			files = (
				EB0CD1C316320B36008D83C1 /* yaml_private.h in Headers */,
			);
			runOnlyForDeploymentPostprocessing = 0;
		};
/* End PBXHeadersBuildPhase section */

/* Begin PBXNativeTarget section */
		EB0CD1A716320A7C008D83C1 /* yaml-osx */ = {
			isa = PBXNativeTarget;
			buildConfigurationList = EB0CD1AC16320A7C008D83C1 /* Build configuration list for PBXNativeTarget "yaml-osx" */;
			buildPhases = (
				EB0CD1A416320A7C008D83C1 /* Sources */,
				EB0CD1A516320A7C008D83C1 /* Frameworks */,
				EB0CD1A616320A7C008D83C1 /* Headers */,
			);
			buildRules = (
			);
			dependencies = (
			);
			name = "yaml-osx";
			productName = libyaml;
			productReference = EBA3ED5817CC032E00E7E501 /* libyaml.a */;
			productType = "com.apple.product-type.library.static";
		};
		EB0E6F6B1656E2D400FCCD30 /* yaml-ios */ = {
			isa = PBXNativeTarget;
			buildConfigurationList = EB0E6F771656E2D400FCCD30 /* Build configuration list for PBXNativeTarget "yaml-ios" */;
			buildPhases = (
				EB0E6F681656E2D400FCCD30 /* Sources */,
				EB0E6F691656E2D400FCCD30 /* Frameworks */,
				EB0E6F6A1656E2D400FCCD30 /* CopyFiles */,
			);
			buildRules = (
			);
			dependencies = (
			);
			name = "yaml-ios";
			productName = yaml;
			productReference = EBA3ED5917CC032E00E7E501 /* libyaml.a */;
			productType = "com.apple.product-type.library.static";
		};
/* End PBXNativeTarget section */

/* Begin PBXProject section */
		EB0CD19F16320A7C008D83C1 /* Project object */ = {
			isa = PBXProject;
			attributes = {
				LastUpgradeCheck = 0450;
				ORGANIZATIONNAME = "Andrew Karpushin";
			};
			buildConfigurationList = EB0CD1A216320A7C008D83C1 /* Build configuration list for PBXProject "yaml" */;
			compatibilityVersion = "Xcode 3.2";
			developmentRegion = English;
			hasScannedForEncodings = 0;
			knownRegions = (
				en,
			);
			mainGroup = EB0CD19D16320A7C008D83C1;
			productRefGroup = EB0CD19D16320A7C008D83C1;
			projectDirPath = "";
			projectRoot = "";
			targets = (
				EB0CD1A716320A7C008D83C1 /* yaml-osx */,
				EB0E6F6B1656E2D400FCCD30 /* yaml-ios */,
			);
		};
/* End PBXProject section */

/* Begin PBXSourcesBuildPhase section */
		EB0CD1A416320A7C008D83C1 /* Sources */ = {
			isa = PBXSourcesBuildPhase;
			buildActionMask = 2147483647;
			files = (
				EB0CD1BB16320B36008D83C1 /* api.c in Sources */,
				EB0CD1BC16320B36008D83C1 /* dumper.c in Sources */,
				EB0CD1BD16320B36008D83C1 /* emitter.c in Sources */,
				EB0CD1BE16320B36008D83C1 /* loader.c in Sources */,
				EB0CD1BF16320B36008D83C1 /* parser.c in Sources */,
				EB0CD1C016320B36008D83C1 /* reader.c in Sources */,
				EB0CD1C116320B36008D83C1 /* scanner.c in Sources */,
				EB0CD1C216320B36008D83C1 /* writer.c in Sources */,
			);
			runOnlyForDeploymentPostprocessing = 0;
		};
		EB0E6F681656E2D400FCCD30 /* Sources */ = {
			isa = PBXSourcesBuildPhase;
			buildActionMask = 2147483647;
			files = (
				EBA3ED5B17CC034D00E7E501 /* api.c in Sources */,
				EBA3ED5C17CC034D00E7E501 /* dumper.c in Sources */,
				EBA3ED5D17CC034D00E7E501 /* emitter.c in Sources */,
				EBA3ED5E17CC034D00E7E501 /* loader.c in Sources */,
				EBA3ED5F17CC034D00E7E501 /* parser.c in Sources */,
				EBA3ED6017CC034D00E7E501 /* reader.c in Sources */,
				EBA3ED6117CC034D00E7E501 /* scanner.c in Sources */,
				EBA3ED6217CC034D00E7E501 /* writer.c in Sources */,
			);
			runOnlyForDeploymentPostprocessing = 0;
		};
/* End PBXSourcesBuildPhase section */

/* Begin XCBuildConfiguration section */
		EB0CD1AA16320A7C008D83C1 /* Debug */ = {
			isa = XCBuildConfiguration;
			buildSettings = {
				ALWAYS_SEARCH_USER_PATHS = NO;
				ARCHS = "$(ARCHS_STANDARD_32_64_BIT)";
				CLANG_CXX_LANGUAGE_STANDARD = "gnu++0x";
				CLANG_CXX_LIBRARY = "libc++";
				CLANG_WARN_EMPTY_BODY = YES;
				CLANG_WARN__DUPLICATE_METHOD_MATCH = YES;
				COPY_PHASE_STRIP = NO;
				DEBUG_INFORMATION_FORMAT = "dwarf-with-dsym";
				GCC_C_LANGUAGE_STANDARD = gnu99;
				GCC_DYNAMIC_NO_PIC = NO;
				GCC_ENABLE_CPP_EXCEPTIONS = NO;
				GCC_ENABLE_CPP_RTTI = NO;
				GCC_ENABLE_OBJC_EXCEPTIONS = NO;
				GCC_OPTIMIZATION_LEVEL = 0;
				GCC_PREPROCESSOR_DEFINITIONS = (
					"YAML_VERSION_MAJOR=0",
					"YAML_VERSION_MINOR=1",
					"YAML_VERSION_PATCH=4",
					"YAML_VERSION_STRING=\\\"0.1.4\\\"",
					_DEBUG,
				);
				GCC_SYMBOLS_PRIVATE_EXTERN = NO;
				GCC_WARN_64_TO_32_BIT_CONVERSION = YES;
				GCC_WARN_ABOUT_RETURN_TYPE = YES;
				GCC_WARN_UNINITIALIZED_AUTOS = YES;
				GCC_WARN_UNUSED_VARIABLE = YES;
				HEADER_SEARCH_PATHS = ../include;
				MACOSX_DEPLOYMENT_TARGET = 10.6;
				ONLY_ACTIVE_ARCH = NO;
				SDKROOT = macosx;
				SUPPORTED_PLATFORMS = macosx;
				TARGETED_DEVICE_FAMILY = "1,2";
			};
			name = Debug;
		};
		EB0CD1AB16320A7C008D83C1 /* Release */ = {
			isa = XCBuildConfiguration;
			buildSettings = {
				ALWAYS_SEARCH_USER_PATHS = NO;
				ARCHS = "$(ARCHS_STANDARD_32_64_BIT)";
				CLANG_CXX_LANGUAGE_STANDARD = "gnu++0x";
				CLANG_CXX_LIBRARY = "libc++";
				CLANG_WARN_EMPTY_BODY = YES;
				CLANG_WARN__DUPLICATE_METHOD_MATCH = YES;
				COPY_PHASE_STRIP = YES;
				DEBUG_INFORMATION_FORMAT = dwarf;
				GCC_C_LANGUAGE_STANDARD = gnu99;
				GCC_ENABLE_CPP_EXCEPTIONS = NO;
				GCC_ENABLE_CPP_RTTI = NO;
				GCC_ENABLE_OBJC_EXCEPTIONS = NO;
				GCC_PREPROCESSOR_DEFINITIONS = (
					"YAML_VERSION_MAJOR=0",
					"YAML_VERSION_MINOR=1",
					"YAML_VERSION_PATCH=4",
					"YAML_VERSION_STRING=\\\"0.1.4\\\"",
				);
				GCC_WARN_64_TO_32_BIT_CONVERSION = YES;
				GCC_WARN_ABOUT_RETURN_TYPE = YES;
				GCC_WARN_UNINITIALIZED_AUTOS = YES;
				GCC_WARN_UNUSED_VARIABLE = YES;
				HEADER_SEARCH_PATHS = ../include;
				MACOSX_DEPLOYMENT_TARGET = 10.6;
				ONLY_ACTIVE_ARCH = NO;
				SDKROOT = macosx;
				SUPPORTED_PLATFORMS = macosx;
				TARGETED_DEVICE_FAMILY = "1,2";
			};
			name = Release;
		};
		EB0CD1AD16320A7C008D83C1 /* Debug */ = {
			isa = XCBuildConfiguration;
			buildSettings = {
				COMBINE_HIDPI_IMAGES = YES;
				EXECUTABLE_PREFIX = lib;
				PRODUCT_NAME = yaml;
			};
			name = Debug;
		};
		EB0CD1AE16320A7C008D83C1 /* Release */ = {
			isa = XCBuildConfiguration;
			buildSettings = {
				COMBINE_HIDPI_IMAGES = YES;
				EXECUTABLE_PREFIX = lib;
				PRODUCT_NAME = yaml;
			};
			name = Release;
		};
		EB0E6F781656E2D400FCCD30 /* Debug */ = {
			isa = XCBuildConfiguration;
			buildSettings = {
				DSTROOT = /tmp/yaml.dst;
				GCC_PREPROCESSOR_DEFINITIONS = (
					"DEBUG=1",
					"$(inherited)",
				);
				IPHONEOS_DEPLOYMENT_TARGET = 5.0;
				ONLY_ACTIVE_ARCH = YES;
				OTHER_LDFLAGS = "-ObjC";
				PRODUCT_NAME = yaml;
				SDKROOT = iphoneos;
				SKIP_INSTALL = YES;
				SUPPORTED_PLATFORMS = "iphonesimulator iphoneos";
				VALID_ARCHS = "armv7 armv7s i386";
			};
			name = Debug;
		};
		EB0E6F791656E2D400FCCD30 /* Release */ = {
			isa = XCBuildConfiguration;
			buildSettings = {
				DSTROOT = /tmp/yaml.dst;
				IPHONEOS_DEPLOYMENT_TARGET = 5.0;
				OTHER_LDFLAGS = "-ObjC";
				PRODUCT_NAME = yaml;
				SDKROOT = iphoneos;
				SKIP_INSTALL = YES;
				SUPPORTED_PLATFORMS = "iphonesimulator iphoneos";
				VALIDATE_PRODUCT = YES;
				VALID_ARCHS = "armv7 armv7s i386";
			};
			name = Release;
		};
/* End XCBuildConfiguration section */

/* Begin XCConfigurationList section */
		EB0CD1A216320A7C008D83C1 /* Build configuration list for PBXProject "yaml" */ = {
			isa = XCConfigurationList;
			buildConfigurations = (
				EB0CD1AA16320A7C008D83C1 /* Debug */,
				EB0CD1AB16320A7C008D83C1 /* Release */,
			);
			defaultConfigurationIsVisible = 0;
			defaultConfigurationName = Release;
		};
		EB0CD1AC16320A7C008D83C1 /* Build configuration list for PBXNativeTarget "yaml-osx" */ = {
			isa = XCConfigurationList;
			buildConfigurations = (
				EB0CD1AD16320A7C008D83C1 /* Debug */,
				EB0CD1AE16320A7C008D83C1 /* Release */,
			);
			defaultConfigurationIsVisible = 0;
			defaultConfigurationName = Release;
		};
		EB0E6F771656E2D400FCCD30 /* Build configuration list for PBXNativeTarget "yaml-ios" */ = {
			isa = XCConfigurationList;
			buildConfigurations = (
				EB0E6F781656E2D400FCCD30 /* Debug */,
				EB0E6F791656E2D400FCCD30 /* Release */,
			);
			defaultConfigurationIsVisible = 0;
			defaultConfigurationName = Release;
		};
/* End XCConfigurationList section */
	};
	rootObject = EB0CD19F16320A7C008D83C1 /* Project object */;
}
